dependencies:
- name: memcached
  repository: https://charts.bitnami.com/bitnami
  version: 6.6.2
- name: rabbitmq
  repository: https://charts.bitnami.com/bitnami
  version: 12.1.6
- name: redis
  repository: https://charts.bitnami.com/bitnami
  version: 18.1.0
- name: postgresql
  repository: https://charts.bitnami.com/bitnami
  version: 11.9.13
digest: sha256:ae9db6ec7a2abd10f4b6e09f88708ab2d9403fce09c38ebc6fadda0ced0d09e4
generated: "2023-09-23T12:25:09.839357148+08:00"
